
Microsoft Visual Studio Solution File, Format Version 12.00
# Visual Studio Version 16
VisualStudioVersion = 16.0.29728.190
MinimumVisualStudioVersion = 10.0.40219.1
Project("{FAE04EC0-301F-11D3-BF4B-00C04F79EFBC}") = "WindowsFormsApp2", "WindowsFormsApp2\WindowsFormsApp2.csproj", "{3D096EC3-3C4E-40E4-A740-74B966AF321F}"
EndProject
Project("{FAE04EC0-301F-11D3-BF4B-00C04F79EFBC}") = "ConsoleApp2", "ConsoleApp2\ConsoleApp2.csproj", "{8C6883E0-375E-46F6-93F5-4705AB19A1DA}"
EndProject
Global
	GlobalSection(SolutionConfigurationPlatforms) = preSolution
		Debug|Any CPU = Debug|Any CPU
		Release|Any CPU = Release|Any CPU
	EndGlobalSection
	GlobalSection(ProjectConfigurationPlatforms) = postSolution
		{3D096EC3-3C4E-40E4-A740-74B966AF321F}.Debug|Any CPU.ActiveCfg = Debug|Any CPU
		{3D096EC3-3C4E-40E4-A740-74B966AF321F}.Debug|Any CPU.Build.0 = Debug|Any CPU
		{3D096EC3-3C4E-40E4-A740-74B966AF321F}.Release|Any CPU.ActiveCfg = Release|Any CPU
		{3D096EC3-3C4E-40E4-A740-74B966AF321F}.Release|Any CPU.Build.0 = Release|Any CPU
		{8C6883E0-375E-46F6-93F5-4705AB19A1DA}.Debug|Any CPU.ActiveCfg = Debug|Any CPU
		{8C6883E0-375E-46F6-93F5-4705AB19A1DA}.Debug|Any CPU.Build.0 = Debug|Any CPU
		{8C6883E0-375E-46F6-93F5-4705AB19A1DA}.Release|Any CPU.ActiveCfg = Release|Any CPU
		{8C6883E0-375E-46F6-93F5-4705AB19A1DA}.Release|Any CPU.Build.0 = Release|Any CPU
	EndGlobalSection
	GlobalSection(SolutionProperties) = preSolution
		HideSolutionNode = FALSE
	EndGlobalSection
	GlobalSection(ExtensibilityGlobals) = postSolution
		SolutionGuid = {EE04C308-1561-48A9-8275-06289191D294}
	EndGlobalSection
EndGlobal
